// !$*UTF8*$!
{
	archiveVersion = 1;
	classes = {
	};
	objectVersion = 50;
	objects = {

/* Begin PBXBuildFile section */
		3F461BB22848FFFA009472A3 /* AppDelegate.swift in Sources */ = {isa = PBXBuildFile; fileRef = 3F461BB12848FFFA009472A3 /* AppDelegate.swift */; };
		3F461BB42848FFFA009472A3 /* SceneDelegate.swift in Sources */ = {isa = PBXBuildFile; fileRef = 3F461BB32848FFFA009472A3 /* SceneDelegate.swift */; };
		3F461BB72848FFFA009472A3 /* projekt.xcdatamodeld in Sources */ = {isa = PBXBuildFile; fileRef = 3F461BB52848FFFA009472A3 /* projekt.xcdatamodeld */; };
		3F461BB92848FFFA009472A3 /* ContentView.swift in Sources */ = {isa = PBXBuildFile; fileRef = 3F461BB82848FFFA009472A3 /* ContentView.swift */; };
		3F461BBB2848FFFC009472A3 /* Assets.xcassets in Resources */ = {isa = PBXBuildFile; fileRef = 3F461BBA2848FFFC009472A3 /* Assets.xcassets */; };
		3F461BBE2848FFFC009472A3 /* Preview Assets.xcassets in Resources */ = {isa = PBXBuildFile; fileRef = 3F461BBD2848FFFC009472A3 /* Preview Assets.xcassets */; };
		3F461BC12848FFFC009472A3 /* LaunchScreen.storyboard in Resources */ = {isa = PBXBuildFile; fileRef = 3F461BBF2848FFFC009472A3 /* LaunchScreen.storyboard */; };
		3F461BDA2849019B009472A3 /* Dress+CoreDataClass.swift in Sources */ = {isa = PBXBuildFile; fileRef = 3F461BD42849019B009472A3 /* Dress+CoreDataClass.swift */; };
		3F461BDB2849019B009472A3 /* Dress+CoreDataProperties.swift in Sources */ = {isa = PBXBuildFile; fileRef = 3F461BD52849019B009472A3 /* Dress+CoreDataProperties.swift */; };
		3F461BDC2849019B009472A3 /* Order+CoreDataClass.swift in Sources */ = {isa = PBXBuildFile; fileRef = 3F461BD62849019B009472A3 /* Order+CoreDataClass.swift */; };
		3F461BDD2849019B009472A3 /* Order+CoreDataProperties.swift in Sources */ = {isa = PBXBuildFile; fileRef = 3F461BD72849019B009472A3 /* Order+CoreDataProperties.swift */; };
		3F461BDE2849019B009472A3 /* Fabric+CoreDataClass.swift in Sources */ = {isa = PBXBuildFile; fileRef = 3F461BD82849019B009472A3 /* Fabric+CoreDataClass.swift */; };
		3F461BDF2849019B009472A3 /* Fabric+CoreDataProperties.swift in Sources */ = {isa = PBXBuildFile; fileRef = 3F461BD92849019B009472A3 /* Fabric+CoreDataProperties.swift */; };
		5C6CE95B284A353600EB5483 /* CustomSizeView.swift in Sources */ = {isa = PBXBuildFile; fileRef = 5C6CE95A284A353600EB5483 /* CustomSizeView.swift */; };
		5C6CE95D284A353A00EB5483 /* DressesView.swift in Sources */ = {isa = PBXBuildFile; fileRef = 5C6CE95C284A353A00EB5483 /* DressesView.swift */; };
		5C6CE95F284A353E00EB5483 /* DressView.swift in Sources */ = {isa = PBXBuildFile; fileRef = 5C6CE95E284A353E00EB5483 /* DressView.swift */; };
		5C6CE961284A354200EB5483 /* FormView.swift in Sources */ = {isa = PBXBuildFile; fileRef = 5C6CE960284A354200EB5483 /* FormView.swift */; };
		5C6CE965284A354A00EB5483 /* OrdersView.swift in Sources */ = {isa = PBXBuildFile; fileRef = 5C6CE964284A354A00EB5483 /* OrdersView.swift */; };
/* End PBXBuildFile section */

/* Begin PBXFileReference section */
		3F461BAE2848FFFA009472A3 /* projekt.app */ = {isa = PBXFileReference; explicitFileType = wrapper.application; includeInIndex = 0; path = projekt.app; sourceTree = BUILT_PRODUCTS_DIR; };
		3F461BB12848FFFA009472A3 /* AppDelegate.swift */ = {isa = PBXFileReference; lastKnownFileType = sourcecode.swift; path = AppDelegate.swift; sourceTree = "<group>"; };
		3F461BB32848FFFA009472A3 /* SceneDelegate.swift */ = {isa = PBXFileReference; lastKnownFileType = sourcecode.swift; path = SceneDelegate.swift; sourceTree = "<group>"; };
		3F461BB62848FFFA009472A3 /* projekt.xcdatamodel */ = {isa = PBXFileReference; lastKnownFileType = wrapper.xcdatamodel; path = projekt.xcdatamodel; sourceTree = "<group>"; };
		3F461BB82848FFFA009472A3 /* ContentView.swift */ = {isa = PBXFileReference; lastKnownFileType = sourcecode.swift; path = ContentView.swift; sourceTree = "<group>"; };
		3F461BBA2848FFFC009472A3 /* Assets.xcassets */ = {isa = PBXFileReference; lastKnownFileType = folder.assetcatalog; path = Assets.xcassets; sourceTree = "<group>"; };
		3F461BBD2848FFFC009472A3 /* Preview Assets.xcassets */ = {isa = PBXFileReference; lastKnownFileType = folder.assetcatalog; path = "Preview Assets.xcassets"; sourceTree = "<group>"; };
		3F461BC02848FFFC009472A3 /* Base */ = {isa = PBXFileReference; lastKnownFileType = file.storyboard; name = Base; path = Base.lproj/LaunchScreen.storyboard; sourceTree = "<group>"; };
		3F461BC22848FFFC009472A3 /* Info.plist */ = {isa = PBXFileReference; lastKnownFileType = text.plist.xml; path = Info.plist; sourceTree = "<group>"; };
		3F461BD42849019B009472A3 /* Dress+CoreDataClass.swift */ = {isa = PBXFileReference; lastKnownFileType = sourcecode.swift; path = "Dress+CoreDataClass.swift"; sourceTree = "<group>"; };
		3F461BD52849019B009472A3 /* Dress+CoreDataProperties.swift */ = {isa = PBXFileReference; lastKnownFileType = sourcecode.swift; path = "Dress+CoreDataProperties.swift"; sourceTree = "<group>"; };
		3F461BD62849019B009472A3 /* Order+CoreDataClass.swift */ = {isa = PBXFileReference; lastKnownFileType = sourcecode.swift; path = "Order+CoreDataClass.swift"; sourceTree = "<group>"; };
		3F461BD72849019B009472A3 /* Order+CoreDataProperties.swift */ = {isa = PBXFileReference; lastKnownFileType = sourcecode.swift; path = "Order+CoreDataProperties.swift"; sourceTree = "<group>"; };
		3F461BD82849019B009472A3 /* Fabric+CoreDataClass.swift */ = {isa = PBXFileReference; lastKnownFileType = sourcecode.swift; path = "Fabric+CoreDataClass.swift"; sourceTree = "<group>"; };
		3F461BD92849019B009472A3 /* Fabric+CoreDataProperties.swift */ = {isa = PBXFileReference; lastKnownFileType = sourcecode.swift; path = "Fabric+CoreDataProperties.swift"; sourceTree = "<group>"; };
		5C6CE95A284A353600EB5483 /* CustomSizeView.swift */ = {isa = PBXFileReference; fileEncoding = 4; lastKnownFileType = sourcecode.swift; path = CustomSizeView.swift; sourceTree = "<group>"; };
		5C6CE95C284A353A00EB5483 /* DressesView.swift */ = {isa = PBXFileReference; fileEncoding = 4; lastKnownFileType = sourcecode.swift; path = DressesView.swift; sourceTree = "<group>"; };
		5C6CE95E284A353E00EB5483 /* DressView.swift */ = {isa = PBXFileReference; fileEncoding = 4; lastKnownFileType = sourcecode.swift; path = DressView.swift; sourceTree = "<group>"; };
		5C6CE960284A354200EB5483 /* FormView.swift */ = {isa = PBXFileReference; fileEncoding = 4; lastKnownFileType = sourcecode.swift; path = FormView.swift; sourceTree = "<group>"; };
		5C6CE964284A354A00EB5483 /* OrdersView.swift */ = {isa = PBXFileReference; fileEncoding = 4; lastKnownFileType = sourcecode.swift; path = OrdersView.swift; sourceTree = "<group>"; };
/* End PBXFileReference section */

/* Begin PBXFrameworksBuildPhase section */
		3F461BAB2848FFFA009472A3 /* Frameworks */ = {
			isa = PBXFrameworksBuildPhase;
			buildActionMask = 2147483647;
			files = (
			);
			runOnlyForDeploymentPostprocessing = 0;
		};
/* End PBXFrameworksBuildPhase section */

/* Begin PBXGroup section */
		3F461BA52848FFFA009472A3 = {
			isa = PBXGroup;
			children = (
				3F461BD42849019B009472A3 /* Dress+CoreDataClass.swift */,
				3F461BD52849019B009472A3 /* Dress+CoreDataProperties.swift */,
				3F461BD62849019B009472A3 /* Order+CoreDataClass.swift */,
				3F461BD72849019B009472A3 /* Order+CoreDataProperties.swift */,
				3F461BD82849019B009472A3 /* Fabric+CoreDataClass.swift */,
				3F461BD92849019B009472A3 /* Fabric+CoreDataProperties.swift */,
				3F461BB02848FFFA009472A3 /* projekt */,
				3F461BAF2848FFFA009472A3 /* Products */,
			);
			sourceTree = "<group>";
		};
		3F461BAF2848FFFA009472A3 /* Products */ = {
			isa = PBXGroup;
			children = (
				3F461BAE2848FFFA009472A3 /* projekt.app */,
			);
			name = Products;
			sourceTree = "<group>";
		};
		3F461BB02848FFFA009472A3 /* projekt */ = {
			isa = PBXGroup;
			children = (
				3F461BB12848FFFA009472A3 /* AppDelegate.swift */,
				3F461BB32848FFFA009472A3 /* SceneDelegate.swift */,
				5C6CE966284A959200EB5483 /* Views */,
				3F461BBA2848FFFC009472A3 /* Assets.xcassets */,
				3F461BBF2848FFFC009472A3 /* LaunchScreen.storyboard */,
				3F461BC22848FFFC009472A3 /* Info.plist */,
				3F461BB52848FFFA009472A3 /* projekt.xcdatamodeld */,
				3F461BBC2848FFFC009472A3 /* Preview Content */,
			);
			path = projekt;
			sourceTree = "<group>";
		};
		3F461BBC2848FFFC009472A3 /* Preview Content */ = {
			isa = PBXGroup;
			children = (
				3F461BBD2848FFFC009472A3 /* Preview Assets.xcassets */,
			);
			path = "Preview Content";
			sourceTree = "<group>";
		};
		5C6CE966284A959200EB5483 /* Views */ = {
			isa = PBXGroup;
			children = (
				3F461BB82848FFFA009472A3 /* ContentView.swift */,
				5C6CE95E284A353E00EB5483 /* DressView.swift */,
				5C6CE964284A354A00EB5483 /* OrdersView.swift */,
				5C6CE960284A354200EB5483 /* FormView.swift */,
				5C6CE95A284A353600EB5483 /* CustomSizeView.swift */,
				5C6CE95C284A353A00EB5483 /* DressesView.swift */,
			);
			path = Views;
			sourceTree = "<group>";
		};
/* End PBXGroup section */

/* Begin PBXNativeTarget section */
		3F461BAD2848FFFA009472A3 /* projekt */ = {
			isa = PBXNativeTarget;
			buildConfigurationList = 3F461BC52848FFFC009472A3 /* Build configuration list for PBXNativeTarget "projekt" */;
			buildPhases = (
				3F461BAA2848FFFA009472A3 /* Sources */,
				3F461BAB2848FFFA009472A3 /* Frameworks */,
				3F461BAC2848FFFA009472A3 /* Resources */,
			);
			buildRules = (
			);
			dependencies = (
			);
			name = projekt;
			productName = projekt;
			productReference = 3F461BAE2848FFFA009472A3 /* projekt.app */;
			productType = "com.apple.product-type.application";
		};
/* End PBXNativeTarget section */

/* Begin PBXProject section */
		3F461BA62848FFFA009472A3 /* Project object */ = {
			isa = PBXProject;
			attributes = {
				LastSwiftUpdateCheck = 1130;
				LastUpgradeCheck = 1130;
				ORGANIZATIONNAME = pl;
				TargetAttributes = {
					3F461BAD2848FFFA009472A3 = {
						CreatedOnToolsVersion = 11.3.1;
					};
				};
			};
			buildConfigurationList = 3F461BA92848FFFA009472A3 /* Build configuration list for PBXProject "projekt" */;
			compatibilityVersion = "Xcode 9.3";
			developmentRegion = en;
			hasScannedForEncodings = 0;
			knownRegions = (
				en,
				Base,
			);
			mainGroup = 3F461BA52848FFFA009472A3;
			productRefGroup = 3F461BAF2848FFFA009472A3 /* Products */;
			projectDirPath = "";
			projectRoot = "";
			targets = (
				3F461BAD2848FFFA009472A3 /* projekt */,
			);
		};
/* End PBXProject section */

/* Begin PBXResourcesBuildPhase section */
		3F461BAC2848FFFA009472A3 /* Resources */ = {
			isa = PBXResourcesBuildPhase;
			buildActionMask = 2147483647;
			files = (
				3F461BC12848FFFC009472A3 /* LaunchScreen.storyboard in Resources */,
				3F461BBE2848FFFC009472A3 /* Preview Assets.xcassets in Resources */,
				3F461BBB2848FFFC009472A3 /* Assets.xcassets in Resources */,
			);
			runOnlyForDeploymentPostprocessing = 0;
		};
/* End PBXResourcesBuildPhase section */

/* Begin PBXSourcesBuildPhase section */
		3F461BAA2848FFFA009472A3 /* Sources */ = {
			isa = PBXSourcesBuildPhase;
			buildActionMask = 2147483647;
			files = (
				3F461BDD2849019B009472A3 /* Order+CoreDataProperties.swift in Sources */,
				3F461BB22848FFFA009472A3 /* AppDelegate.swift in Sources */,
				5C6CE961284A354200EB5483 /* FormView.swift in Sources */,
				5C6CE95B284A353600EB5483 /* CustomSizeView.swift in Sources */,
				3F461BB42848FFFA009472A3 /* SceneDelegate.swift in Sources */,
				5C6CE965284A354A00EB5483 /* OrdersView.swift in Sources */,
				3F461BDB2849019B009472A3 /* Dress+CoreDataProperties.swift in Sources */,
				3F461BDC2849019B009472A3 /* Order+CoreDataClass.swift in Sources */,
				3F461BDE2849019B009472A3 /* Fabric+CoreDataClass.swift in Sources */,
				3F461BB92848FFFA009472A3 /* ContentView.swift in Sources */,
				5C6CE95D284A353A00EB5483 /* DressesView.swift in Sources */,
				3F461BDF2849019B009472A3 /* Fabric+CoreDataProperties.swift in Sources */,
				3F461BDA2849019B009472A3 /* Dress+CoreDataClass.swift in Sources */,
				5C6CE95F284A353E00EB5483 /* DressView.swift in Sources */,
				3F461BB72848FFFA009472A3 /* projekt.xcdatamodeld in Sources */,
			);
			runOnlyForDeploymentPostprocessing = 0;
		};
/* End PBXSourcesBuildPhase section */

/* Begin PBXVariantGroup section */
		3F461BBF2848FFFC009472A3 /* LaunchScreen.storyboard */ = {
			isa = PBXVariantGroup;
			children = (
				3F461BC02848FFFC009472A3 /* Base */,
			);
			name = LaunchScreen.storyboard;
			sourceTree = "<group>";
		};
/* End PBXVariantGroup section */

/* Begin XCBuildConfiguration section */
		3F461BC32848FFFC009472A3 /* Debug */ = {
			isa = XCBuildConfiguration;
			buildSettings = {
				ALWAYS_SEARCH_USER_PATHS = NO;
				CLANG_ANALYZER_NONNULL = YES;
				CLANG_ANALYZER_NUMBER_OBJECT_CONVERSION = YES_AGGRESSIVE;
				CLANG_CXX_LANGUAGE_STANDARD = "gnu++14";
				CLANG_CXX_LIBRARY = "libc++";
				CLANG_ENABLE_MODULES = YES;
				CLANG_ENABLE_OBJC_ARC = YES;
				CLANG_ENABLE_OBJC_WEAK = YES;
				CLANG_WARN_BLOCK_CAPTURE_AUTORELEASING = YES;
				CLANG_WARN_BOOL_CONVERSION = YES;
				CLANG_WARN_COMMA = YES;
				CLANG_WARN_CONSTANT_CONVERSION = YES;
				CLANG_WARN_DEPRECATED_OBJC_IMPLEMENTATIONS = YES;
				CLANG_WARN_DIRECT_OBJC_ISA_USAGE = YES_ERROR;
				CLANG_WARN_DOCUMENTATION_COMMENTS = YES;
				CLANG_WARN_EMPTY_BODY = YES;
				CLANG_WARN_ENUM_CONVERSION = YES;
				CLANG_WARN_INFINITE_RECURSION = YES;
				CLANG_WARN_INT_CONVERSION = YES;
				CLANG_WARN_NON_LITERAL_NULL_CONVERSION = YES;
				CLANG_WARN_OBJC_IMPLICIT_RETAIN_SELF = YES;
				CLANG_WARN_OBJC_LITERAL_CONVERSION = YES;
				CLANG_WARN_OBJC_ROOT_CLASS = YES_ERROR;
				CLANG_WARN_RANGE_LOOP_ANALYSIS = YES;
				CLANG_WARN_STRICT_PROTOTYPES = YES;
				CLANG_WARN_SUSPICIOUS_MOVE = YES;
				CLANG_WARN_UNGUARDED_AVAILABILITY = YES_AGGRESSIVE;
				CLANG_WARN_UNREACHABLE_CODE = YES;
				CLANG_WARN__DUPLICATE_METHOD_MATCH = YES;
				COPY_PHASE_STRIP = NO;
				DEBUG_INFORMATION_FORMAT = dwarf;
				ENABLE_STRICT_OBJC_MSGSEND = YES;
				ENABLE_TESTABILITY = YES;
				GCC_C_LANGUAGE_STANDARD = gnu11;
				GCC_DYNAMIC_NO_PIC = NO;
				GCC_NO_COMMON_BLOCKS = YES;
				GCC_OPTIMIZATION_LEVEL = 0;
				GCC_PREPROCESSOR_DEFINITIONS = (
					"DEBUG=1",
					"$(inherited)",
				);
				GCC_WARN_64_TO_32_BIT_CONVERSION = YES;
				GCC_WARN_ABOUT_RETURN_TYPE = YES_ERROR;
				GCC_WARN_UNDECLARED_SELECTOR = YES;
				GCC_WARN_UNINITIALIZED_AUTOS = YES_AGGRESSIVE;
				GCC_WARN_UNUSED_FUNCTION = YES;
				GCC_WARN_UNUSED_VARIABLE = YES;
				IPHONEOS_DEPLOYMENT_TARGET = 13.2;
				MTL_ENABLE_DEBUG_INFO = INCLUDE_SOURCE;
				MTL_FAST_MATH = YES;
				ONLY_ACTIVE_ARCH = YES;
				SDKROOT = iphoneos;
				SWIFT_ACTIVE_COMPILATION_CONDITIONS = DEBUG;
				SWIFT_OPTIMIZATION_LEVEL = "-Onone";
			};
			name = Debug;
		};
		3F461BC42848FFFC009472A3 /* Release */ = {
			isa = XCBuildConfiguration;
			buildSettings = {
				ALWAYS_SEARCH_USER_PATHS = NO;
				CLANG_ANALYZER_NONNULL = YES;
				CLANG_ANALYZER_NUMBER_OBJECT_CONVERSION = YES_AGGRESSIVE;
				CLANG_CXX_LANGUAGE_STANDARD = "gnu++14";
				CLANG_CXX_LIBRARY = "libc++";
				CLANG_ENABLE_MODULES = YES;
				CLANG_ENABLE_OBJC_ARC = YES;
				CLANG_ENABLE_OBJC_WEAK = YES;
				CLANG_WARN_BLOCK_CAPTURE_AUTORELEASING = YES;
				CLANG_WARN_BOOL_CONVERSION = YES;
				CLANG_WARN_COMMA = YES;
				CLANG_WARN_CONSTANT_CONVERSION = YES;
				CLANG_WARN_DEPRECATED_OBJC_IMPLEMENTATIONS = YES;
				CLANG_WARN_DIRECT_OBJC_ISA_USAGE = YES_ERROR;
				CLANG_WARN_DOCUMENTATION_COMMENTS = YES;
				CLANG_WARN_EMPTY_BODY = YES;
				CLANG_WARN_ENUM_CONVERSION = YES;
				CLANG_WARN_INFINITE_RECURSION = YES;
				CLANG_WARN_INT_CONVERSION = YES;
				CLANG_WARN_NON_LITERAL_NULL_CONVERSION = YES;
				CLANG_WARN_OBJC_IMPLICIT_RETAIN_SELF = YES;
				CLANG_WARN_OBJC_LITERAL_CONVERSION = YES;
				CLANG_WARN_OBJC_ROOT_CLASS = YES_ERROR;
				CLANG_WARN_RANGE_LOOP_ANALYSIS = YES;
				CLANG_WARN_STRICT_PROTOTYPES = YES;
				CLANG_WARN_SUSPICIOUS_MOVE = YES;
				CLANG_WARN_UNGUARDED_AVAILABILITY = YES_AGGRESSIVE;
				CLANG_WARN_UNREACHABLE_CODE = YES;
				CLANG_WARN__DUPLICATE_METHOD_MATCH = YES;
				COPY_PHASE_STRIP = NO;
				DEBUG_INFORMATION_FORMAT = "dwarf-with-dsym";
				ENABLE_NS_ASSERTIONS = NO;
				ENABLE_STRICT_OBJC_MSGSEND = YES;
				GCC_C_LANGUAGE_STANDARD = gnu11;
				GCC_NO_COMMON_BLOCKS = YES;
				GCC_WARN_64_TO_32_BIT_CONVERSION = YES;
				GCC_WARN_ABOUT_RETURN_TYPE = YES_ERROR;
				GCC_WARN_UNDECLARED_SELECTOR = YES;
				GCC_WARN_UNINITIALIZED_AUTOS = YES_AGGRESSIVE;
				GCC_WARN_UNUSED_FUNCTION = YES;
				GCC_WARN_UNUSED_VARIABLE = YES;
				IPHONEOS_DEPLOYMENT_TARGET = 13.2;
				MTL_ENABLE_DEBUG_INFO = NO;
				MTL_FAST_MATH = YES;
				SDKROOT = iphoneos;
				SWIFT_COMPILATION_MODE = wholemodule;
				SWIFT_OPTIMIZATION_LEVEL = "-O";
				VALIDATE_PRODUCT = YES;
			};
			name = Release;
		};
		3F461BC62848FFFC009472A3 /* Debug */ = {
			isa = XCBuildConfiguration;
			buildSettings = {
				ASSETCATALOG_COMPILER_APPICON_NAME = AppIcon;
				CODE_SIGN_STYLE = Automatic;
				DEVELOPMENT_ASSET_PATHS = "\"projekt/Preview Content\"";
				ENABLE_PREVIEWS = YES;
				INFOPLIST_FILE = projekt/Info.plist;
				LD_RUNPATH_SEARCH_PATHS = (
					"$(inherited)",
					"@executable_path/Frameworks",
				);
				PRODUCT_BUNDLE_IDENTIFIER = pl.projekt;
				PRODUCT_NAME = "$(TARGET_NAME)";
				SWIFT_VERSION = 5.0;
				TARGETED_DEVICE_FAMILY = "1,2";
			};
			name = Debug;
		};
		3F461BC72848FFFC009472A3 /* Release */ = {
			isa = XCBuildConfiguration;
			buildSettings = {
				ASSETCATALOG_COMPILER_APPICON_NAME = AppIcon;
				CODE_SIGN_STYLE = Automatic;
				DEVELOPMENT_ASSET_PATHS = "\"projekt/Preview Content\"";
				ENABLE_PREVIEWS = YES;
				INFOPLIST_FILE = projekt/Info.plist;
				LD_RUNPATH_SEARCH_PATHS = (
					"$(inherited)",
					"@executable_path/Frameworks",
				);
				PRODUCT_BUNDLE_IDENTIFIER = pl.projekt;
				PRODUCT_NAME = "$(TARGET_NAME)";
				SWIFT_VERSION = 5.0;
				TARGETED_DEVICE_FAMILY = "1,2";
			};
			name = Release;
		};
/* End XCBuildConfiguration section */

/* Begin XCConfigurationList section */
		3F461BA92848FFFA009472A3 /* Build configuration list for PBXProject "projekt" */ = {
			isa = XCConfigurationList;
			buildConfigurations = (
				3F461BC32848FFFC009472A3 /* Debug */,
				3F461BC42848FFFC009472A3 /* Release */,
			);
			defaultConfigurationIsVisible = 0;
			defaultConfigurationName = Release;
		};
		3F461BC52848FFFC009472A3 /* Build configuration list for PBXNativeTarget "projekt" */ = {
			isa = XCConfigurationList;
			buildConfigurations = (
				3F461BC62848FFFC009472A3 /* Debug */,
				3F461BC72848FFFC009472A3 /* Release */,
			);
			defaultConfigurationIsVisible = 0;
			defaultConfigurationName = Release;
		};
/* End XCConfigurationList section */

/* Begin XCVersionGroup section */
		3F461BB52848FFFA009472A3 /* projekt.xcdatamodeld */ = {
			isa = XCVersionGroup;
			children = (
				3F461BB62848FFFA009472A3 /* projekt.xcdatamodel */,
			);
			currentVersion = 3F461BB62848FFFA009472A3 /* projekt.xcdatamodel */;
			path = projekt.xcdatamodeld;
			sourceTree = "<group>";
			versionGroupType = wrapper.xcdatamodel;
		};
/* End XCVersionGroup section */
	};
	rootObject = 3F461BA62848FFFA009472A3 /* Project object */;
}
